// !$*UTF8*$!
{
	archiveVersion = 1;
	classes = {
	};
	objectVersion = 56;
	objects = {

/* Begin PBXBuildFile section */
		39042D852C5E060300125248 /* Watch2GetherApp.swift in Sources */ = {isa = PBXBuildFile; fileRef = 39042D842C5E060300125248 /* Watch2GetherApp.swift */; };
		39042D872C5E060300125248 /* ContentView.swift in Sources */ = {isa = PBXBuildFile; fileRef = 39042D862C5E060300125248 /* ContentView.swift */; };
		39042D892C5E060400125248 /* Assets.xcassets in Resources */ = {isa = PBXBuildFile; fileRef = 39042D882C5E060400125248 /* Assets.xcassets */; };
		39042D8C2C5E060400125248 /* Preview Assets.xcassets in Resources */ = {isa = PBXBuildFile; fileRef = 39042D8B2C5E060400125248 /* Preview Assets.xcassets */; };
		39042DB82C5F333C00125248 /* Color.swift in Sources */ = {isa = PBXBuildFile; fileRef = 39042DB72C5F333C00125248 /* Color.swift */; };
		3988491D2C60A0A90015D413 /* LoginView.swift in Sources */ = {isa = PBXBuildFile; fileRef = 3988491C2C60A0A90015D413 /* LoginView.swift */; };
		3988491F2C60A5590015D413 /* User.swift in Sources */ = {isa = PBXBuildFile; fileRef = 3988491E2C60A5590015D413 /* User.swift */; };
		398849282C60B68B0015D413 /* AvatarUploader.swift in Sources */ = {isa = PBXBuildFile; fileRef = 398849272C60B68B0015D413 /* AvatarUploader.swift */; };
		39B58F6F2C620565006F23F5 /* Image.swift in Sources */ = {isa = PBXBuildFile; fileRef = 39B58F6E2C620565006F23F5 /* Image.swift */; };
		39FEFC3E2C634F5300B9BBC9 /* ImagePickerViewController.swift in Sources */ = {isa = PBXBuildFile; fileRef = 39FEFC3D2C634F5300B9BBC9 /* ImagePickerViewController.swift */; };
/* End PBXBuildFile section */

/* Begin PBXFileReference section */
		39042D812C5E060300125248 /* Watch2Gether.app */ = {isa = PBXFileReference; explicitFileType = wrapper.application; includeInIndex = 0; path = Watch2Gether.app; sourceTree = BUILT_PRODUCTS_DIR; };
		39042D842C5E060300125248 /* Watch2GetherApp.swift */ = {isa = PBXFileReference; lastKnownFileType = sourcecode.swift; path = Watch2GetherApp.swift; sourceTree = "<group>"; };
		39042D862C5E060300125248 /* ContentView.swift */ = {isa = PBXFileReference; lastKnownFileType = sourcecode.swift; path = ContentView.swift; sourceTree = "<group>"; };
		39042D882C5E060400125248 /* Assets.xcassets */ = {isa = PBXFileReference; lastKnownFileType = folder.assetcatalog; path = Assets.xcassets; sourceTree = "<group>"; };
		39042D8B2C5E060400125248 /* Preview Assets.xcassets */ = {isa = PBXFileReference; lastKnownFileType = folder.assetcatalog; path = "Preview Assets.xcassets"; sourceTree = "<group>"; };
		39042DB72C5F333C00125248 /* Color.swift */ = {isa = PBXFileReference; lastKnownFileType = sourcecode.swift; path = Color.swift; sourceTree = "<group>"; };
		3988491C2C60A0A90015D413 /* LoginView.swift */ = {isa = PBXFileReference; lastKnownFileType = sourcecode.swift; path = LoginView.swift; sourceTree = "<group>"; };
		3988491E2C60A5590015D413 /* User.swift */ = {isa = PBXFileReference; lastKnownFileType = sourcecode.swift; path = User.swift; sourceTree = "<group>"; };
		398849272C60B68B0015D413 /* AvatarUploader.swift */ = {isa = PBXFileReference; lastKnownFileType = sourcecode.swift; path = AvatarUploader.swift; sourceTree = "<group>"; };
		39B58F6E2C620565006F23F5 /* Image.swift */ = {isa = PBXFileReference; lastKnownFileType = sourcecode.swift; path = Image.swift; sourceTree = "<group>"; };
		39FEFC3D2C634F5300B9BBC9 /* ImagePickerViewController.swift */ = {isa = PBXFileReference; lastKnownFileType = sourcecode.swift; path = ImagePickerViewController.swift; sourceTree = "<group>"; };
/* End PBXFileReference section */

/* Begin PBXFrameworksBuildPhase section */
		39042D7E2C5E060300125248 /* Frameworks */ = {
			isa = PBXFrameworksBuildPhase;
			buildActionMask = 2147483647;
			files = (
			);
			runOnlyForDeploymentPostprocessing = 0;
		};
/* End PBXFrameworksBuildPhase section */

/* Begin PBXGroup section */
		39042D782C5E060300125248 = {
			isa = PBXGroup;
			children = (
				39042D832C5E060300125248 /* Watch2Gether */,
				39042D822C5E060300125248 /* Products */,
			);
			sourceTree = "<group>";
		};
		39042D822C5E060300125248 /* Products */ = {
			isa = PBXGroup;
			children = (
				39042D812C5E060300125248 /* Watch2Gether.app */,
			);
			name = Products;
			sourceTree = "<group>";
		};
		39042D832C5E060300125248 /* Watch2Gether */ = {
			isa = PBXGroup;
			children = (
				39042D842C5E060300125248 /* Watch2GetherApp.swift */,
				39042D862C5E060300125248 /* ContentView.swift */,
				39B58F6C2C61F9A1006F23F5 /* Views */,
				39B58F702C620A71006F23F5 /* Extensions */,
				3988491E2C60A5590015D413 /* User.swift */,
				39042D882C5E060400125248 /* Assets.xcassets */,
				39042D8A2C5E060400125248 /* Preview Content */,
			);
			path = Watch2Gether;
			sourceTree = "<group>";
		};
		39042D8A2C5E060400125248 /* Preview Content */ = {
			isa = PBXGroup;
			children = (
				39042D8B2C5E060400125248 /* Preview Assets.xcassets */,
			);
			path = "Preview Content";
			sourceTree = "<group>";
		};
		39B58F6C2C61F9A1006F23F5 /* Views */ = {
			isa = PBXGroup;
			children = (
				39B58F6D2C61FA2B006F23F5 /* LoginView */,
			);
			path = Views;
			sourceTree = "<group>";
		};
		39B58F6D2C61FA2B006F23F5 /* LoginView */ = {
			isa = PBXGroup;
			children = (
				3988491C2C60A0A90015D413 /* LoginView.swift */,
				398849272C60B68B0015D413 /* AvatarUploader.swift */,
				39FEFC3D2C634F5300B9BBC9 /* ImagePickerViewController.swift */,
			);
			path = LoginView;
			sourceTree = "<group>";
		};
		39B58F702C620A71006F23F5 /* Extensions */ = {
			isa = PBXGroup;
			children = (
				39042DB72C5F333C00125248 /* Color.swift */,
				39B58F6E2C620565006F23F5 /* Image.swift */,
			);
			path = Extensions;
			sourceTree = "<group>";
		};
/* End PBXGroup section */

/* Begin PBXNativeTarget section */
		39042D802C5E060300125248 /* Watch2Gether */ = {
			isa = PBXNativeTarget;
			buildConfigurationList = 39042D8F2C5E060400125248 /* Build configuration list for PBXNativeTarget "Watch2Gether" */;
			buildPhases = (
				39042D7D2C5E060300125248 /* Sources */,
				39042D7E2C5E060300125248 /* Frameworks */,
				39042D7F2C5E060300125248 /* Resources */,
			);
			buildRules = (
			);
			dependencies = (
			);
			name = Watch2Gether;
			productName = Watch2Gether;
			productReference = 39042D812C5E060300125248 /* Watch2Gether.app */;
			productType = "com.apple.product-type.application";
		};
/* End PBXNativeTarget section */

/* Begin PBXProject section */
		39042D792C5E060300125248 /* Project object */ = {
			isa = PBXProject;
			attributes = {
				BuildIndependentTargetsInParallel = 1;
				LastSwiftUpdateCheck = 1540;
				LastUpgradeCheck = 1540;
				TargetAttributes = {
					39042D802C5E060300125248 = {
						CreatedOnToolsVersion = 15.4;
					};
				};
			};
			buildConfigurationList = 39042D7C2C5E060300125248 /* Build configuration list for PBXProject "Watch2Gether" */;
			compatibilityVersion = "Xcode 14.0";
			developmentRegion = en;
			hasScannedForEncodings = 0;
			knownRegions = (
				en,
				Base,
			);
			mainGroup = 39042D782C5E060300125248;
			productRefGroup = 39042D822C5E060300125248 /* Products */;
			projectDirPath = "";
			projectRoot = "";
			targets = (
				39042D802C5E060300125248 /* Watch2Gether */,
			);
		};
/* End PBXProject section */

/* Begin PBXResourcesBuildPhase section */
		39042D7F2C5E060300125248 /* Resources */ = {
			isa = PBXResourcesBuildPhase;
			buildActionMask = 2147483647;
			files = (
				39042D8C2C5E060400125248 /* Preview Assets.xcassets in Resources */,
				39042D892C5E060400125248 /* Assets.xcassets in Resources */,
			);
			runOnlyForDeploymentPostprocessing = 0;
		};
/* End PBXResourcesBuildPhase section */

/* Begin PBXSourcesBuildPhase section */
		39042D7D2C5E060300125248 /* Sources */ = {
			isa = PBXSourcesBuildPhase;
			buildActionMask = 2147483647;
			files = (
				39B58F6F2C620565006F23F5 /* Image.swift in Sources */,
				39042DB82C5F333C00125248 /* Color.swift in Sources */,
				39FEFC3E2C634F5300B9BBC9 /* ImagePickerViewController.swift in Sources */,
				39042D872C5E060300125248 /* ContentView.swift in Sources */,
				3988491D2C60A0A90015D413 /* LoginView.swift in Sources */,
				3988491F2C60A5590015D413 /* User.swift in Sources */,
				398849282C60B68B0015D413 /* AvatarUploader.swift in Sources */,
				39042D852C5E060300125248 /* Watch2GetherApp.swift in Sources */,
			);
			runOnlyForDeploymentPostprocessing = 0;
		};
/* End PBXSourcesBuildPhase section */

/* Begin XCBuildConfiguration section */
		39042D8D2C5E060400125248 /* Debug */ = {
			isa = XCBuildConfiguration;
			buildSettings = {
				ALWAYS_SEARCH_USER_PATHS = NO;
				ASSETCATALOG_COMPILER_GENERATE_SWIFT_ASSET_SYMBOL_EXTENSIONS = YES;
				CLANG_ANALYZER_NONNULL = YES;
				CLANG_ANALYZER_NUMBER_OBJECT_CONVERSION = YES_AGGRESSIVE;
				CLANG_CXX_LANGUAGE_STANDARD = "gnu++20";
				CLANG_ENABLE_MODULES = YES;
				CLANG_ENABLE_OBJC_ARC = YES;
				CLANG_ENABLE_OBJC_WEAK = YES;
				CLANG_WARN_BLOCK_CAPTURE_AUTORELEASING = YES;
				CLANG_WARN_BOOL_CONVERSION = YES;
				CLANG_WARN_COMMA = YES;
				CLANG_WARN_CONSTANT_CONVERSION = YES;
				CLANG_WARN_DEPRECATED_OBJC_IMPLEMENTATIONS = YES;
				CLANG_WARN_DIRECT_OBJC_ISA_USAGE = YES_ERROR;
				CLANG_WARN_DOCUMENTATION_COMMENTS = YES;
				CLANG_WARN_EMPTY_BODY = YES;
				CLANG_WARN_ENUM_CONVERSION = YES;
				CLANG_WARN_INFINITE_RECURSION = YES;
				CLANG_WARN_INT_CONVERSION = YES;
				CLANG_WARN_NON_LITERAL_NULL_CONVERSION = YES;
				CLANG_WARN_OBJC_IMPLICIT_RETAIN_SELF = YES;
				CLANG_WARN_OBJC_LITERAL_CONVERSION = YES;
				CLANG_WARN_OBJC_ROOT_CLASS = YES_ERROR;
				CLANG_WARN_QUOTED_INCLUDE_IN_FRAMEWORK_HEADER = YES;
				CLANG_WARN_RANGE_LOOP_ANALYSIS = YES;
				CLANG_WARN_STRICT_PROTOTYPES = YES;
				CLANG_WARN_SUSPICIOUS_MOVE = YES;
				CLANG_WARN_UNGUARDED_AVAILABILITY = YES_AGGRESSIVE;
				CLANG_WARN_UNREACHABLE_CODE = YES;
				CLANG_WARN__DUPLICATE_METHOD_MATCH = YES;
				COPY_PHASE_STRIP = NO;
				DEBUG_INFORMATION_FORMAT = dwarf;
				ENABLE_STRICT_OBJC_MSGSEND = YES;
				ENABLE_TESTABILITY = YES;
				ENABLE_USER_SCRIPT_SANDBOXING = YES;
				GCC_C_LANGUAGE_STANDARD = gnu17;
				GCC_DYNAMIC_NO_PIC = NO;
				GCC_NO_COMMON_BLOCKS = YES;
				GCC_OPTIMIZATION_LEVEL = 0;
				GCC_PREPROCESSOR_DEFINITIONS = (
					"DEBUG=1",
					"$(inherited)",
				);
				GCC_WARN_64_TO_32_BIT_CONVERSION = YES;
				GCC_WARN_ABOUT_RETURN_TYPE = YES_ERROR;
				GCC_WARN_UNDECLARED_SELECTOR = YES;
				GCC_WARN_UNINITIALIZED_AUTOS = YES_AGGRESSIVE;
				GCC_WARN_UNUSED_FUNCTION = YES;
				GCC_WARN_UNUSED_VARIABLE = YES;
				IPHONEOS_DEPLOYMENT_TARGET = 17.5;
				LOCALIZATION_PREFERS_STRING_CATALOGS = YES;
				MTL_ENABLE_DEBUG_INFO = INCLUDE_SOURCE;
				MTL_FAST_MATH = YES;
				ONLY_ACTIVE_ARCH = YES;
				SDKROOT = iphoneos;
				SWIFT_ACTIVE_COMPILATION_CONDITIONS = "DEBUG $(inherited)";
				SWIFT_OPTIMIZATION_LEVEL = "-Onone";
			};
			name = Debug;
		};
		39042D8E2C5E060400125248 /* Release */ = {
			isa = XCBuildConfiguration;
			buildSettings = {
				ALWAYS_SEARCH_USER_PATHS = NO;
				ASSETCATALOG_COMPILER_GENERATE_SWIFT_ASSET_SYMBOL_EXTENSIONS = YES;
				CLANG_ANALYZER_NONNULL = YES;
				CLANG_ANALYZER_NUMBER_OBJECT_CONVERSION = YES_AGGRESSIVE;
				CLANG_CXX_LANGUAGE_STANDARD = "gnu++20";
				CLANG_ENABLE_MODULES = YES;
				CLANG_ENABLE_OBJC_ARC = YES;
				CLANG_ENABLE_OBJC_WEAK = YES;
				CLANG_WARN_BLOCK_CAPTURE_AUTORELEASING = YES;
				CLANG_WARN_BOOL_CONVERSION = YES;
				CLANG_WARN_COMMA = YES;
				CLANG_WARN_CONSTANT_CONVERSION = YES;
				CLANG_WARN_DEPRECATED_OBJC_IMPLEMENTATIONS = YES;
				CLANG_WARN_DIRECT_OBJC_ISA_USAGE = YES_ERROR;
				CLANG_WARN_DOCUMENTATION_COMMENTS = YES;
				CLANG_WARN_EMPTY_BODY = YES;
				CLANG_WARN_ENUM_CONVERSION = YES;
				CLANG_WARN_INFINITE_RECURSION = YES;
				CLANG_WARN_INT_CONVERSION = YES;
				CLANG_WARN_NON_LITERAL_NULL_CONVERSION = YES;
				CLANG_WARN_OBJC_IMPLICIT_RETAIN_SELF = YES;
				CLANG_WARN_OBJC_LITERAL_CONVERSION = YES;
				CLANG_WARN_OBJC_ROOT_CLASS = YES_ERROR;
				CLANG_WARN_QUOTED_INCLUDE_IN_FRAMEWORK_HEADER = YES;
				CLANG_WARN_RANGE_LOOP_ANALYSIS = YES;
				CLANG_WARN_STRICT_PROTOTYPES = YES;
				CLANG_WARN_SUSPICIOUS_MOVE = YES;
				CLANG_WARN_UNGUARDED_AVAILABILITY = YES_AGGRESSIVE;
				CLANG_WARN_UNREACHABLE_CODE = YES;
				CLANG_WARN__DUPLICATE_METHOD_MATCH = YES;
				COPY_PHASE_STRIP = NO;
				DEBUG_INFORMATION_FORMAT = "dwarf-with-dsym";
				ENABLE_NS_ASSERTIONS = NO;
				ENABLE_STRICT_OBJC_MSGSEND = YES;
				ENABLE_USER_SCRIPT_SANDBOXING = YES;
				GCC_C_LANGUAGE_STANDARD = gnu17;
				GCC_NO_COMMON_BLOCKS = YES;
				GCC_WARN_64_TO_32_BIT_CONVERSION = YES;
				GCC_WARN_ABOUT_RETURN_TYPE = YES_ERROR;
				GCC_WARN_UNDECLARED_SELECTOR = YES;
				GCC_WARN_UNINITIALIZED_AUTOS = YES_AGGRESSIVE;
				GCC_WARN_UNUSED_FUNCTION = YES;
				GCC_WARN_UNUSED_VARIABLE = YES;
				IPHONEOS_DEPLOYMENT_TARGET = 17.5;
				LOCALIZATION_PREFERS_STRING_CATALOGS = YES;
				MTL_ENABLE_DEBUG_INFO = NO;
				MTL_FAST_MATH = YES;
				SDKROOT = iphoneos;
				SWIFT_COMPILATION_MODE = wholemodule;
				VALIDATE_PRODUCT = YES;
			};
			name = Release;
		};
		39042D902C5E060400125248 /* Debug */ = {
			isa = XCBuildConfiguration;
			buildSettings = {
				ASSETCATALOG_COMPILER_APPICON_NAME = AppIcon;
				ASSETCATALOG_COMPILER_GLOBAL_ACCENT_COLOR_NAME = AccentColor;
				CODE_SIGN_STYLE = Automatic;
				CURRENT_PROJECT_VERSION = 1;
				DEVELOPMENT_ASSET_PATHS = "\"Watch2Gether/Preview Content\"";
				ENABLE_PREVIEWS = YES;
				GENERATE_INFOPLIST_FILE = YES;
				INFOPLIST_KEY_CFBundleDisplayName = "一起看电影";
				INFOPLIST_KEY_LSApplicationCategoryType = "public.app-category.entertainment";
				INFOPLIST_KEY_UIApplicationSceneManifest_Generation = YES;
				INFOPLIST_KEY_UIApplicationSupportsIndirectInputEvents = YES;
				INFOPLIST_KEY_UILaunchScreen_Generation = YES;
				INFOPLIST_KEY_UISupportedInterfaceOrientations_iPad = "UIInterfaceOrientationPortrait UIInterfaceOrientationPortraitUpsideDown UIInterfaceOrientationLandscapeLeft UIInterfaceOrientationLandscapeRight";
				INFOPLIST_KEY_UISupportedInterfaceOrientations_iPhone = "UIInterfaceOrientationPortrait UIInterfaceOrientationLandscapeLeft UIInterfaceOrientationLandscapeRight";
				LD_RUNPATH_SEARCH_PATHS = (
					"$(inherited)",
					"@executable_path/Frameworks",
				);
				MARKETING_VERSION = 0.1;
				PRODUCT_BUNDLE_IDENTIFIER = com.yourcompany.Watch2Gether;
				PRODUCT_NAME = "$(TARGET_NAME)";
				SUPPORTED_PLATFORMS = "iphoneos iphonesimulator macosx";
				SUPPORTS_MACCATALYST = NO;
				SUPPORTS_MAC_DESIGNED_FOR_IPHONE_IPAD = NO;
				SUPPORTS_XR_DESIGNED_FOR_IPHONE_IPAD = NO;
				SWIFT_EMIT_LOC_STRINGS = YES;
				SWIFT_VERSION = 5.0;
				TARGETED_DEVICE_FAMILY = "1,2";
			};
			name = Debug;
		};
		39042D912C5E060400125248 /* Release */ = {
			isa = XCBuildConfiguration;
			buildSettings = {
				ASSETCATALOG_COMPILER_APPICON_NAME = AppIcon;
				ASSETCATALOG_COMPILER_GLOBAL_ACCENT_COLOR_NAME = AccentColor;
				CODE_SIGN_STYLE = Automatic;
				CURRENT_PROJECT_VERSION = 1;
				DEVELOPMENT_ASSET_PATHS = "\"Watch2Gether/Preview Content\"";
				ENABLE_PREVIEWS = YES;
				GENERATE_INFOPLIST_FILE = YES;
				INFOPLIST_KEY_CFBundleDisplayName = "一起看电影";
				INFOPLIST_KEY_LSApplicationCategoryType = "public.app-category.entertainment";
				INFOPLIST_KEY_UIApplicationSceneManifest_Generation = YES;
				INFOPLIST_KEY_UIApplicationSupportsIndirectInputEvents = YES;
				INFOPLIST_KEY_UILaunchScreen_Generation = YES;
				INFOPLIST_KEY_UISupportedInterfaceOrientations_iPad = "UIInterfaceOrientationPortrait UIInterfaceOrientationPortraitUpsideDown UIInterfaceOrientationLandscapeLeft UIInterfaceOrientationLandscapeRight";
				INFOPLIST_KEY_UISupportedInterfaceOrientations_iPhone = "UIInterfaceOrientationPortrait UIInterfaceOrientationLandscapeLeft UIInterfaceOrientationLandscapeRight";
				LD_RUNPATH_SEARCH_PATHS = (
					"$(inherited)",
					"@executable_path/Frameworks",
				);
				MARKETING_VERSION = 0.1;
				PRODUCT_BUNDLE_IDENTIFIER = com.yourcompany.Watch2Gether;
				PRODUCT_NAME = "$(TARGET_NAME)";
				SUPPORTED_PLATFORMS = "iphoneos iphonesimulator macosx";
				SUPPORTS_MACCATALYST = NO;
				SUPPORTS_MAC_DESIGNED_FOR_IPHONE_IPAD = NO;
				SUPPORTS_XR_DESIGNED_FOR_IPHONE_IPAD = NO;
				SWIFT_EMIT_LOC_STRINGS = YES;
				SWIFT_VERSION = 5.0;
				TARGETED_DEVICE_FAMILY = "1,2";
			};
			name = Release;
		};
/* End XCBuildConfiguration section */

/* Begin XCConfigurationList section */
		39042D7C2C5E060300125248 /* Build configuration list for PBXProject "Watch2Gether" */ = {
			isa = XCConfigurationList;
			buildConfigurations = (
				39042D8D2C5E060400125248 /* Debug */,
				39042D8E2C5E060400125248 /* Release */,
			);
			defaultConfigurationIsVisible = 0;
			defaultConfigurationName = Release;
		};
		39042D8F2C5E060400125248 /* Build configuration list for PBXNativeTarget "Watch2Gether" */ = {
			isa = XCConfigurationList;
			buildConfigurations = (
				39042D902C5E060400125248 /* Debug */,
				39042D912C5E060400125248 /* Release */,
			);
			defaultConfigurationIsVisible = 0;
			defaultConfigurationName = Release;
		};
/* End XCConfigurationList section */
	};
	rootObject = 39042D792C5E060300125248 /* Project object */;
}
