// !$*UTF8*$!
{
	archiveVersion = 1;
	classes = {
	};
	objectVersion = 77;
	objects = {

/* Begin PBXBuildFile section */
		390CDFE42D292C1F002972F2 /* SwiftyJSON in Frameworks */ = {isa = PBXBuildFile; productRef = 390CDFE32D292C1F002972F2 /* SwiftyJSON */; };
		390CE0742D295826002972F2 /* SwiftyJSON in Frameworks */ = {isa = PBXBuildFile; productRef = 390CE0732D295826002972F2 /* SwiftyJSON */; };
		3940300D2D1D701F00179BC5 /* OrderedCollections in Frameworks */ = {isa = PBXBuildFile; productRef = 3940300C2D1D701F00179BC5 /* OrderedCollections */; };
		394030152D1D781400179BC5 /* OrderedCollections in Frameworks */ = {isa = PBXBuildFile; productRef = 394030142D1D781400179BC5 /* OrderedCollections */; };
		394030182D1D791600179BC5 /* OrderedCollections in Frameworks */ = {isa = PBXBuildFile; productRef = 394030172D1D791600179BC5 /* OrderedCollections */; };
		394D22532D2A672D0073AB42 /* SwiftyJSON in Frameworks */ = {isa = PBXBuildFile; productRef = 398C482E2D295BF100A3E4ED /* SwiftyJSON */; };
/* End PBXBuildFile section */

/* Begin PBXFileReference section */
		395EF3332D165E0C0014D834 /* Watch2Gether.app */ = {isa = PBXFileReference; explicitFileType = wrapper.application; includeInIndex = 0; path = Watch2Gether.app; sourceTree = BUILT_PRODUCTS_DIR; };
		39EC675B2D1664E800518950 /* iPadWatch2Gether.app */ = {isa = PBXFileReference; explicitFileType = wrapper.application; includeInIndex = 0; path = iPadWatch2Gether.app; sourceTree = BUILT_PRODUCTS_DIR; };
		39EC676D2D16653E00518950 /* MacWatch2Gether.app */ = {isa = PBXFileReference; explicitFileType = wrapper.application; includeInIndex = 0; path = MacWatch2Gether.app; sourceTree = BUILT_PRODUCTS_DIR; };
/* End PBXFileReference section */

/* Begin PBXFileSystemSynchronizedBuildFileExceptionSet section */
		390D3E0F2D1AB81700F6C750 /* Exceptions for "iPadWatch2Gether" folder in "MacWatch2Gether" target */ = {
			isa = PBXFileSystemSynchronizedBuildFileExceptionSet;
			membershipExceptions = (
				Views/LoginView/StyledPlaceholderTextField.swift,
			);
			target = 39EC676C2D16653E00518950 /* MacWatch2Gether */;
		};
		39402F802D1D577D00179BC5 /* Exceptions for "Watch2Gether" folder in "Watch2Gether" target */ = {
			isa = PBXFileSystemSynchronizedBuildFileExceptionSet;
			membershipExceptions = (
				AppDelegate.swift,
				Assets.xcassets,
				Commands/PlaybackControlsCommands.swift,
				Extensions/Color.swift,
				Extensions/Float.swift,
				Extensions/Font.swift,
				Extensions/Image.swift,
				Extensions/String.swift,
				Extensions/UIImage.swift,
				Extensions/UserExtension.swift,
				Extensions/View.swift,
				Model/AppSettings.swift,
				Model/Friend.swift,
				Model/Message.swift,
				Model/User.swift,
				Model/WebSocketClient.swift,
				"Preview Content/Preview Assets.xcassets",
				ViewModels/FriendsViewModel.swift,
				ViewModels/StreamingViewModel.swift,
				Views/ContentView.swift,
				Views/HomeView/ConversationSpace/ConversationSpace.swift,
				Views/HomeView/ConversationSpace/MessageField.swift,
				Views/HomeView/ConversationSpace/MessageInput.swift,
				Views/HomeView/ConversationSpace/MessagesList.swift,
				Views/HomeView/ConversationSpace/MyMessageBubble.swift,
				Views/HomeView/ConversationSpace/OtherMessageBubble.swift,
				Views/HomeView/FriendsList/FriendsList.swift,
				Views/HomeView/FriendsList/MarqueeText.swift,
				Views/HomeView/HomeView.swift,
				Views/HomeView/VideoPlayer/PlaybackControls.swift,
				Views/HomeView/VideoPlayer/PlaybackRateMenu.swift,
				Views/HomeView/VideoPlayer/ProgressBar.swift,
				Views/HomeView/VideoPlayer/StyledSlider.swift,
				Views/HomeView/VideoPlayer/VideoPlayer.swift,
				Views/HomeView/VideoPlayer/VideoPlayerModal.swift,
				Views/HomeView/VideoPlayer/VideoPlayerViewController.swift,
				Views/Icons/AvatarUploaderIcon.swift,
				Views/LoginView/AvatarUploader/AvatarUploader.swift,
				Views/LoginView/AvatarUploader/ImagePickerViewController.swift,
				Views/LoginView/LoginView.swift,
				Views/LoginView/StyledPlaceholderTextField.swift,
				Views/Shapes/CrossShape.swift,
				Views/Shapes/MyMessageBubbleShape.swift,
				Views/Shapes/OtherMessageBubbleShape.swift,
				Views/Styles/ClearButtonStyle.swift,
				Views/Styles/LoginButtonStyle.swift,
				Views/Styles/SendButtonStyle.swift,
				Views/ViewModifiers/Copyright.swift,
				Views/ViewModifiers/DeviceRotation.swift,
				Views/ViewModifiers/KeyboardAdaptive.swift,
				Watch2GetherApp.swift,
			);
			target = 395EF3322D165E0C0014D834 /* Watch2Gether */;
		};
		39402F812D1D577D00179BC5 /* Exceptions for "Watch2Gether" folder in "iPadWatch2Gether" target */ = {
			isa = PBXFileSystemSynchronizedBuildFileExceptionSet;
			membershipExceptions = (
				AppDelegate.swift,
				Commands/PlaybackControlsCommands.swift,
				Extensions/Color.swift,
				Extensions/Float.swift,
				Extensions/Font.swift,
				Extensions/Image.swift,
				Extensions/String.swift,
				Extensions/UIImage.swift,
				Extensions/UserExtension.swift,
				Extensions/View.swift,
				Model/AppSettings.swift,
				Model/Friend.swift,
				Model/Message.swift,
				Model/User.swift,
				Model/WebSocketClient.swift,
				ViewModels/FriendsViewModel.swift,
				ViewModels/StreamingViewModel.swift,
				Views/ContentView.swift,
				Views/HomeView/ConversationSpace/ConversationSpace.swift,
				Views/HomeView/ConversationSpace/MessageField.swift,
				Views/HomeView/ConversationSpace/MessagesList.swift,
				Views/HomeView/ConversationSpace/MyMessageBubble.swift,
				Views/HomeView/ConversationSpace/OtherMessageBubble.swift,
				Views/HomeView/FriendsList/FriendsList.swift,
				Views/HomeView/FriendsList/MarqueeText.swift,
				Views/HomeView/VideoPlayer/PlaybackControls.swift,
				Views/HomeView/VideoPlayer/PlaybackRateMenu.swift,
				Views/HomeView/VideoPlayer/ProgressBar.swift,
				Views/HomeView/VideoPlayer/StyledSlider.swift,
				Views/HomeView/VideoPlayer/VideoPlayer.swift,
				Views/HomeView/VideoPlayer/VideoPlayerModal.swift,
				Views/HomeView/VideoPlayer/VideoPlayerViewController.swift,
				Views/Icons/AvatarUploaderIcon.swift,
				Views/LoginView/AvatarUploader/AvatarUploader.swift,
				Views/LoginView/AvatarUploader/ImagePickerViewController.swift,
				Views/Shapes/CrossShape.swift,
				Views/Shapes/MyMessageBubbleShape.swift,
				Views/Shapes/OtherMessageBubbleShape.swift,
				Views/Styles/LoginButtonStyle.swift,
				Views/Styles/SendButtonStyle.swift,
				Views/ViewModifiers/Copyright.swift,
				Views/ViewModifiers/DeviceRotation.swift,
				Views/ViewModifiers/KeyboardAdaptive.swift,
				Watch2GetherApp.swift,
			);
			target = 39EC675A2D1664E800518950 /* iPadWatch2Gether */;
		};
		39402F822D1D577D00179BC5 /* Exceptions for "Watch2Gether" folder in "MacWatch2Gether" target */ = {
			isa = PBXFileSystemSynchronizedBuildFileExceptionSet;
			membershipExceptions = (
				AppDelegate.swift,
				Assets.xcassets,
				Extensions/Font.swift,
				Extensions/String.swift,
				Extensions/UIImage.swift,
				"Preview Content/Preview Assets.xcassets",
				Views/ContentView.swift,
				Views/HomeView/ConversationSpace/MessageInput.swift,
				Views/HomeView/HomeView.swift,
				Views/HomeView/VideoPlayer/VideoPlayer.swift,
				Views/HomeView/VideoPlayer/VideoPlayerViewController.swift,
				Views/LoginView/AvatarUploader/AvatarUploader.swift,
				Views/LoginView/AvatarUploader/ImagePickerViewController.swift,
				Views/LoginView/LoginView.swift,
				Views/LoginView/StyledPlaceholderTextField.swift,
				Views/Styles/ClearButtonStyle.swift,
				Views/ViewModifiers/DeviceRotation.swift,
				Views/ViewModifiers/KeyboardAdaptive.swift,
			);
			target = 39EC676C2D16653E00518950 /* MacWatch2Gether */;
		};
/* End PBXFileSystemSynchronizedBuildFileExceptionSet section */

/* Begin PBXFileSystemSynchronizedRootGroup section */
		39402F502D1D577D00179BC5 /* Watch2Gether */ = {
			isa = PBXFileSystemSynchronizedRootGroup;
			exceptions = (
				39402F802D1D577D00179BC5 /* Exceptions for "Watch2Gether" folder in "Watch2Gether" target */,
				39402F812D1D577D00179BC5 /* Exceptions for "Watch2Gether" folder in "iPadWatch2Gether" target */,
				39402F822D1D577D00179BC5 /* Exceptions for "Watch2Gether" folder in "MacWatch2Gether" target */,
			);
			path = Watch2Gether;
			sourceTree = "<group>";
		};
		39EC675C2D1664E800518950 /* iPadWatch2Gether */ = {
			isa = PBXFileSystemSynchronizedRootGroup;
			exceptions = (
				390D3E0F2D1AB81700F6C750 /* Exceptions for "iPadWatch2Gether" folder in "MacWatch2Gether" target */,
			);
			path = iPadWatch2Gether;
			sourceTree = "<group>";
		};
		39EC676E2D16653E00518950 /* MacWatch2Gether */ = {
			isa = PBXFileSystemSynchronizedRootGroup;
			path = MacWatch2Gether;
			sourceTree = "<group>";
		};
/* End PBXFileSystemSynchronizedRootGroup section */

/* Begin PBXFrameworksBuildPhase section */
		395EF3302D165E0C0014D834 /* Frameworks */ = {
			isa = PBXFrameworksBuildPhase;
			buildActionMask = 2147483647;
			files = (
				390CDFE42D292C1F002972F2 /* SwiftyJSON in Frameworks */,
				3940300D2D1D701F00179BC5 /* OrderedCollections in Frameworks */,
			);
			runOnlyForDeploymentPostprocessing = 0;
		};
		39EC67582D1664E800518950 /* Frameworks */ = {
			isa = PBXFrameworksBuildPhase;
			buildActionMask = 2147483647;
			files = (
				390CE0742D295826002972F2 /* SwiftyJSON in Frameworks */,
				394030152D1D781400179BC5 /* OrderedCollections in Frameworks */,
			);
			runOnlyForDeploymentPostprocessing = 0;
		};
		39EC676A2D16653E00518950 /* Frameworks */ = {
			isa = PBXFrameworksBuildPhase;
			buildActionMask = 2147483647;
			files = (
				394D22532D2A672D0073AB42 /* SwiftyJSON in Frameworks */,
				394030182D1D791600179BC5 /* OrderedCollections in Frameworks */,
			);
			runOnlyForDeploymentPostprocessing = 0;
		};
/* End PBXFrameworksBuildPhase section */

/* Begin PBXGroup section */
		395EF32A2D165E0C0014D834 = {
			isa = PBXGroup;
			children = (
				39402F502D1D577D00179BC5 /* Watch2Gether */,
				39EC675C2D1664E800518950 /* iPadWatch2Gether */,
				39EC676E2D16653E00518950 /* MacWatch2Gether */,
				395EF3342D165E0C0014D834 /* Products */,
			);
			sourceTree = "<group>";
		};
		395EF3342D165E0C0014D834 /* Products */ = {
			isa = PBXGroup;
			children = (
				395EF3332D165E0C0014D834 /* Watch2Gether.app */,
				39EC675B2D1664E800518950 /* iPadWatch2Gether.app */,
				39EC676D2D16653E00518950 /* MacWatch2Gether.app */,
			);
			name = Products;
			sourceTree = "<group>";
		};
/* End PBXGroup section */

/* Begin PBXNativeTarget section */
		395EF3322D165E0C0014D834 /* Watch2Gether */ = {
			isa = PBXNativeTarget;
			buildConfigurationList = 395EF3412D165E0E0014D834 /* Build configuration list for PBXNativeTarget "Watch2Gether" */;
			buildPhases = (
				395EF32F2D165E0C0014D834 /* Sources */,
				395EF3302D165E0C0014D834 /* Frameworks */,
				395EF3312D165E0C0014D834 /* Resources */,
			);
			buildRules = (
			);
			dependencies = (
				39EC67822D1665FB00518950 /* PBXTargetDependency */,
			);
			name = Watch2Gether;
			packageProductDependencies = (
				3940300C2D1D701F00179BC5 /* OrderedCollections */,
				390CDFE32D292C1F002972F2 /* SwiftyJSON */,
			);
			productName = Watch2Gether;
			productReference = 395EF3332D165E0C0014D834 /* Watch2Gether.app */;
			productType = "com.apple.product-type.application";
		};
		39EC675A2D1664E800518950 /* iPadWatch2Gether */ = {
			isa = PBXNativeTarget;
			buildConfigurationList = 39EC67682D1664E900518950 /* Build configuration list for PBXNativeTarget "iPadWatch2Gether" */;
			buildPhases = (
				39EC67572D1664E800518950 /* Sources */,
				39EC67582D1664E800518950 /* Frameworks */,
				39EC67592D1664E800518950 /* Resources */,
			);
			buildRules = (
			);
			dependencies = (
				39EC67802D1665F600518950 /* PBXTargetDependency */,
			);
			fileSystemSynchronizedGroups = (
				39EC675C2D1664E800518950 /* iPadWatch2Gether */,
			);
			name = iPadWatch2Gether;
			packageProductDependencies = (
				394030142D1D781400179BC5 /* OrderedCollections */,
				390CE0732D295826002972F2 /* SwiftyJSON */,
			);
			productName = iPadWatch2Gether;
			productReference = 39EC675B2D1664E800518950 /* iPadWatch2Gether.app */;
			productType = "com.apple.product-type.application";
		};
		39EC676C2D16653E00518950 /* MacWatch2Gether */ = {
			isa = PBXNativeTarget;
			buildConfigurationList = 39EC67792D16653F00518950 /* Build configuration list for PBXNativeTarget "MacWatch2Gether" */;
			buildPhases = (
				39EC67692D16653E00518950 /* Sources */,
				39EC676A2D16653E00518950 /* Frameworks */,
				39EC676B2D16653E00518950 /* Resources */,
			);
			buildRules = (
			);
			dependencies = (
				39EC677E2D1665E200518950 /* PBXTargetDependency */,
			);
			fileSystemSynchronizedGroups = (
				39402F502D1D577D00179BC5 /* Watch2Gether */,
				39EC676E2D16653E00518950 /* MacWatch2Gether */,
			);
			name = MacWatch2Gether;
			packageProductDependencies = (
				394030172D1D791600179BC5 /* OrderedCollections */,
				398C482E2D295BF100A3E4ED /* SwiftyJSON */,
			);
			productName = MacWatch2Gether;
			productReference = 39EC676D2D16653E00518950 /* MacWatch2Gether.app */;
			productType = "com.apple.product-type.application";
		};
/* End PBXNativeTarget section */

/* Begin PBXProject section */
		395EF32B2D165E0C0014D834 /* Project object */ = {
			isa = PBXProject;
			attributes = {
				BuildIndependentTargetsInParallel = 1;
				LastSwiftUpdateCheck = 1620;
				LastUpgradeCheck = 1620;
				TargetAttributes = {
					395EF3322D165E0C0014D834 = {
						CreatedOnToolsVersion = 16.2;
					};
					39EC675A2D1664E800518950 = {
						CreatedOnToolsVersion = 16.2;
						LastSwiftMigration = 1620;
					};
					39EC676C2D16653E00518950 = {
						CreatedOnToolsVersion = 16.2;
					};
				};
			};
			buildConfigurationList = 395EF32E2D165E0C0014D834 /* Build configuration list for PBXProject "Watch2Gether" */;
			developmentRegion = "zh-Hans";
			hasScannedForEncodings = 0;
			knownRegions = (
				en,
				Base,
				"zh-Hans",
			);
			mainGroup = 395EF32A2D165E0C0014D834;
			minimizedProjectReferenceProxies = 1;
			packageReferences = (
				39EC677C2D1665D600518950 /* XCRemoteSwiftPackageReference "SwiftLintPlugins" */,
				3940300B2D1D701F00179BC5 /* XCRemoteSwiftPackageReference "swift-collections" */,
				390CDFE22D292C1F002972F2 /* XCRemoteSwiftPackageReference "SwiftyJSON" */,
			);
			preferredProjectObjectVersion = 77;
			productRefGroup = 395EF3342D165E0C0014D834 /* Products */;
			projectDirPath = "";
			projectRoot = "";
			targets = (
				395EF3322D165E0C0014D834 /* Watch2Gether */,
				39EC675A2D1664E800518950 /* iPadWatch2Gether */,
				39EC676C2D16653E00518950 /* MacWatch2Gether */,
			);
		};
/* End PBXProject section */

/* Begin PBXResourcesBuildPhase section */
		395EF3312D165E0C0014D834 /* Resources */ = {
			isa = PBXResourcesBuildPhase;
			buildActionMask = 2147483647;
			files = (
			);
			runOnlyForDeploymentPostprocessing = 0;
		};
		39EC67592D1664E800518950 /* Resources */ = {
			isa = PBXResourcesBuildPhase;
			buildActionMask = 2147483647;
			files = (
			);
			runOnlyForDeploymentPostprocessing = 0;
		};
		39EC676B2D16653E00518950 /* Resources */ = {
			isa = PBXResourcesBuildPhase;
			buildActionMask = 2147483647;
			files = (
			);
			runOnlyForDeploymentPostprocessing = 0;
		};
/* End PBXResourcesBuildPhase section */

/* Begin PBXSourcesBuildPhase section */
		395EF32F2D165E0C0014D834 /* Sources */ = {
			isa = PBXSourcesBuildPhase;
			buildActionMask = 2147483647;
			files = (
			);
			runOnlyForDeploymentPostprocessing = 0;
		};
		39EC67572D1664E800518950 /* Sources */ = {
			isa = PBXSourcesBuildPhase;
			buildActionMask = 2147483647;
			files = (
			);
			runOnlyForDeploymentPostprocessing = 0;
		};
		39EC67692D16653E00518950 /* Sources */ = {
			isa = PBXSourcesBuildPhase;
			buildActionMask = 2147483647;
			files = (
			);
			runOnlyForDeploymentPostprocessing = 0;
		};
/* End PBXSourcesBuildPhase section */

/* Begin PBXTargetDependency section */
		39EC677E2D1665E200518950 /* PBXTargetDependency */ = {
			isa = PBXTargetDependency;
			productRef = 39EC677D2D1665E200518950 /* SwiftLintBuildToolPlugin */;
		};
		39EC67802D1665F600518950 /* PBXTargetDependency */ = {
			isa = PBXTargetDependency;
			productRef = 39EC677F2D1665F600518950 /* SwiftLintBuildToolPlugin */;
		};
		39EC67822D1665FB00518950 /* PBXTargetDependency */ = {
			isa = PBXTargetDependency;
			productRef = 39EC67812D1665FB00518950 /* SwiftLintBuildToolPlugin */;
		};
/* End PBXTargetDependency section */

/* Begin XCBuildConfiguration section */
		395EF33F2D165E0E0014D834 /* Debug */ = {
			isa = XCBuildConfiguration;
			buildSettings = {
				ALWAYS_SEARCH_USER_PATHS = NO;
				ASSETCATALOG_COMPILER_GENERATE_SWIFT_ASSET_SYMBOL_EXTENSIONS = YES;
				CLANG_ANALYZER_NONNULL = YES;
				CLANG_ANALYZER_NUMBER_OBJECT_CONVERSION = YES_AGGRESSIVE;
				CLANG_CXX_LANGUAGE_STANDARD = "gnu++20";
				CLANG_ENABLE_MODULES = YES;
				CLANG_ENABLE_OBJC_ARC = YES;
				CLANG_ENABLE_OBJC_WEAK = YES;
				CLANG_WARN_BLOCK_CAPTURE_AUTORELEASING = YES;
				CLANG_WARN_BOOL_CONVERSION = YES;
				CLANG_WARN_COMMA = YES;
				CLANG_WARN_CONSTANT_CONVERSION = YES;
				CLANG_WARN_DEPRECATED_OBJC_IMPLEMENTATIONS = YES;
				CLANG_WARN_DIRECT_OBJC_ISA_USAGE = YES_ERROR;
				CLANG_WARN_DOCUMENTATION_COMMENTS = YES;
				CLANG_WARN_EMPTY_BODY = YES;
				CLANG_WARN_ENUM_CONVERSION = YES;
				CLANG_WARN_INFINITE_RECURSION = YES;
				CLANG_WARN_INT_CONVERSION = YES;
				CLANG_WARN_NON_LITERAL_NULL_CONVERSION = YES;
				CLANG_WARN_OBJC_IMPLICIT_RETAIN_SELF = YES;
				CLANG_WARN_OBJC_LITERAL_CONVERSION = YES;
				CLANG_WARN_OBJC_ROOT_CLASS = YES_ERROR;
				CLANG_WARN_QUOTED_INCLUDE_IN_FRAMEWORK_HEADER = YES;
				CLANG_WARN_RANGE_LOOP_ANALYSIS = YES;
				CLANG_WARN_STRICT_PROTOTYPES = YES;
				CLANG_WARN_SUSPICIOUS_MOVE = YES;
				CLANG_WARN_UNGUARDED_AVAILABILITY = YES_AGGRESSIVE;
				CLANG_WARN_UNREACHABLE_CODE = YES;
				CLANG_WARN__DUPLICATE_METHOD_MATCH = YES;
				COPY_PHASE_STRIP = NO;
				DEBUG_INFORMATION_FORMAT = dwarf;
				ENABLE_STRICT_OBJC_MSGSEND = YES;
				ENABLE_TESTABILITY = YES;
				ENABLE_USER_SCRIPT_SANDBOXING = YES;
				GCC_C_LANGUAGE_STANDARD = gnu17;
				GCC_DYNAMIC_NO_PIC = NO;
				GCC_NO_COMMON_BLOCKS = YES;
				GCC_OPTIMIZATION_LEVEL = 0;
				GCC_PREPROCESSOR_DEFINITIONS = (
					"DEBUG=1",
					"$(inherited)",
				);
				GCC_WARN_64_TO_32_BIT_CONVERSION = YES;
				GCC_WARN_ABOUT_RETURN_TYPE = YES_ERROR;
				GCC_WARN_UNDECLARED_SELECTOR = YES;
				GCC_WARN_UNINITIALIZED_AUTOS = YES_AGGRESSIVE;
				GCC_WARN_UNUSED_FUNCTION = YES;
				GCC_WARN_UNUSED_VARIABLE = YES;
				IPHONEOS_DEPLOYMENT_TARGET = 18.2;
				LOCALIZATION_PREFERS_STRING_CATALOGS = YES;
				MTL_ENABLE_DEBUG_INFO = INCLUDE_SOURCE;
				MTL_FAST_MATH = YES;
				ONLY_ACTIVE_ARCH = YES;
				SDKROOT = iphoneos;
				SWIFT_ACTIVE_COMPILATION_CONDITIONS = "DEBUG $(inherited)";
				SWIFT_OPTIMIZATION_LEVEL = "-Onone";
			};
			name = Debug;
		};
		395EF3402D165E0E0014D834 /* Release */ = {
			isa = XCBuildConfiguration;
			buildSettings = {
				ALWAYS_SEARCH_USER_PATHS = NO;
				ASSETCATALOG_COMPILER_GENERATE_SWIFT_ASSET_SYMBOL_EXTENSIONS = YES;
				CLANG_ANALYZER_NONNULL = YES;
				CLANG_ANALYZER_NUMBER_OBJECT_CONVERSION = YES_AGGRESSIVE;
				CLANG_CXX_LANGUAGE_STANDARD = "gnu++20";
				CLANG_ENABLE_MODULES = YES;
				CLANG_ENABLE_OBJC_ARC = YES;
				CLANG_ENABLE_OBJC_WEAK = YES;
				CLANG_WARN_BLOCK_CAPTURE_AUTORELEASING = YES;
				CLANG_WARN_BOOL_CONVERSION = YES;
				CLANG_WARN_COMMA = YES;
				CLANG_WARN_CONSTANT_CONVERSION = YES;
				CLANG_WARN_DEPRECATED_OBJC_IMPLEMENTATIONS = YES;
				CLANG_WARN_DIRECT_OBJC_ISA_USAGE = YES_ERROR;
				CLANG_WARN_DOCUMENTATION_COMMENTS = YES;
				CLANG_WARN_EMPTY_BODY = YES;
				CLANG_WARN_ENUM_CONVERSION = YES;
				CLANG_WARN_INFINITE_RECURSION = YES;
				CLANG_WARN_INT_CONVERSION = YES;
				CLANG_WARN_NON_LITERAL_NULL_CONVERSION = YES;
				CLANG_WARN_OBJC_IMPLICIT_RETAIN_SELF = YES;
				CLANG_WARN_OBJC_LITERAL_CONVERSION = YES;
				CLANG_WARN_OBJC_ROOT_CLASS = YES_ERROR;
				CLANG_WARN_QUOTED_INCLUDE_IN_FRAMEWORK_HEADER = YES;
				CLANG_WARN_RANGE_LOOP_ANALYSIS = YES;
				CLANG_WARN_STRICT_PROTOTYPES = YES;
				CLANG_WARN_SUSPICIOUS_MOVE = YES;
				CLANG_WARN_UNGUARDED_AVAILABILITY = YES_AGGRESSIVE;
				CLANG_WARN_UNREACHABLE_CODE = YES;
				CLANG_WARN__DUPLICATE_METHOD_MATCH = YES;
				COPY_PHASE_STRIP = NO;
				DEBUG_INFORMATION_FORMAT = "dwarf-with-dsym";
				ENABLE_NS_ASSERTIONS = NO;
				ENABLE_STRICT_OBJC_MSGSEND = YES;
				ENABLE_USER_SCRIPT_SANDBOXING = YES;
				GCC_C_LANGUAGE_STANDARD = gnu17;
				GCC_NO_COMMON_BLOCKS = YES;
				GCC_WARN_64_TO_32_BIT_CONVERSION = YES;
				GCC_WARN_ABOUT_RETURN_TYPE = YES_ERROR;
				GCC_WARN_UNDECLARED_SELECTOR = YES;
				GCC_WARN_UNINITIALIZED_AUTOS = YES_AGGRESSIVE;
				GCC_WARN_UNUSED_FUNCTION = YES;
				GCC_WARN_UNUSED_VARIABLE = YES;
				IPHONEOS_DEPLOYMENT_TARGET = 18.2;
				LOCALIZATION_PREFERS_STRING_CATALOGS = YES;
				MTL_ENABLE_DEBUG_INFO = NO;
				MTL_FAST_MATH = YES;
				SDKROOT = iphoneos;
				SWIFT_COMPILATION_MODE = wholemodule;
				VALIDATE_PRODUCT = YES;
			};
			name = Release;
		};
		395EF3422D165E0E0014D834 /* Debug */ = {
			isa = XCBuildConfiguration;
			buildSettings = {
				ASSETCATALOG_COMPILER_APPICON_NAME = AppIcon;
				ASSETCATALOG_COMPILER_GLOBAL_ACCENT_COLOR_NAME = AccentColor;
				CODE_SIGN_STYLE = Automatic;
				CURRENT_PROJECT_VERSION = 1;
				DEVELOPMENT_ASSET_PATHS = "\"Watch2Gether/Preview Content\"";
				ENABLE_PREVIEWS = YES;
				GENERATE_INFOPLIST_FILE = YES;
				INFOPLIST_KEY_CFBundleDisplayName = "一起看电影";
				INFOPLIST_KEY_LSApplicationCategoryType = "public.app-category.entertainment";
				INFOPLIST_KEY_UIApplicationSceneManifest_Generation = YES;
				INFOPLIST_KEY_UIApplicationSupportsIndirectInputEvents = YES;
				INFOPLIST_KEY_UILaunchScreen_Generation = YES;
				INFOPLIST_KEY_UISupportedInterfaceOrientations = UIInterfaceOrientationPortrait;
				INFOPLIST_KEY_UISupportedInterfaceOrientations_iPad = "UIInterfaceOrientationLandscapeLeft UIInterfaceOrientationLandscapeRight UIInterfaceOrientationPortrait UIInterfaceOrientationPortraitUpsideDown";
				IPHONEOS_DEPLOYMENT_TARGET = 18.0;
				LD_RUNPATH_SEARCH_PATHS = (
					"$(inherited)",
					"@executable_path/Frameworks",
				);
				MARKETING_VERSION = 0.2.0;
				PRODUCT_BUNDLE_IDENTIFIER = com.yourcompany.Watch2Gether;
				PRODUCT_NAME = "$(TARGET_NAME)";
				SUPPORTED_PLATFORMS = "iphoneos iphonesimulator";
				SUPPORTS_MACCATALYST = NO;
				SUPPORTS_MAC_DESIGNED_FOR_IPHONE_IPAD = NO;
				SUPPORTS_XR_DESIGNED_FOR_IPHONE_IPAD = NO;
				SWIFT_EMIT_LOC_STRINGS = YES;
				SWIFT_VERSION = 5.0;
				TARGETED_DEVICE_FAMILY = 1;
			};
			name = Debug;
		};
		395EF3432D165E0E0014D834 /* Release */ = {
			isa = XCBuildConfiguration;
			buildSettings = {
				ASSETCATALOG_COMPILER_APPICON_NAME = AppIcon;
				ASSETCATALOG_COMPILER_GLOBAL_ACCENT_COLOR_NAME = AccentColor;
				CODE_SIGN_STYLE = Automatic;
				CURRENT_PROJECT_VERSION = 1;
				DEVELOPMENT_ASSET_PATHS = "\"Watch2Gether/Preview Content\"";
				ENABLE_PREVIEWS = YES;
				GENERATE_INFOPLIST_FILE = YES;
				INFOPLIST_KEY_CFBundleDisplayName = "一起看电影";
				INFOPLIST_KEY_LSApplicationCategoryType = "public.app-category.entertainment";
				INFOPLIST_KEY_UIApplicationSceneManifest_Generation = YES;
				INFOPLIST_KEY_UIApplicationSupportsIndirectInputEvents = YES;
				INFOPLIST_KEY_UILaunchScreen_Generation = YES;
				INFOPLIST_KEY_UISupportedInterfaceOrientations = UIInterfaceOrientationPortrait;
				INFOPLIST_KEY_UISupportedInterfaceOrientations_iPad = "UIInterfaceOrientationLandscapeLeft UIInterfaceOrientationLandscapeRight UIInterfaceOrientationPortrait UIInterfaceOrientationPortraitUpsideDown";
				IPHONEOS_DEPLOYMENT_TARGET = 18.0;
				LD_RUNPATH_SEARCH_PATHS = (
					"$(inherited)",
					"@executable_path/Frameworks",
				);
				MARKETING_VERSION = 0.2.0;
				PRODUCT_BUNDLE_IDENTIFIER = com.yourcompany.Watch2Gether;
				PRODUCT_NAME = "$(TARGET_NAME)";
				SUPPORTED_PLATFORMS = "iphoneos iphonesimulator";
				SUPPORTS_MACCATALYST = NO;
				SUPPORTS_MAC_DESIGNED_FOR_IPHONE_IPAD = NO;
				SUPPORTS_XR_DESIGNED_FOR_IPHONE_IPAD = NO;
				SWIFT_EMIT_LOC_STRINGS = YES;
				SWIFT_VERSION = 5.0;
				TARGETED_DEVICE_FAMILY = 1;
			};
			name = Release;
		};
		39EC67662D1664E900518950 /* Debug */ = {
			isa = XCBuildConfiguration;
			buildSettings = {
				ASSETCATALOG_COMPILER_APPICON_NAME = AppIcon;
				ASSETCATALOG_COMPILER_GLOBAL_ACCENT_COLOR_NAME = AccentColor;
				CLANG_ENABLE_MODULES = YES;
				CODE_SIGN_STYLE = Automatic;
				CURRENT_PROJECT_VERSION = 1;
				DEVELOPMENT_ASSET_PATHS = "\"iPadWatch2Gether/Preview Content\"";
				ENABLE_PREVIEWS = YES;
				GENERATE_INFOPLIST_FILE = YES;
				INFOPLIST_KEY_CFBundleDisplayName = "一起看电影";
				INFOPLIST_KEY_LSApplicationCategoryType = "public.app-category.entertainment";
				INFOPLIST_KEY_UIApplicationSceneManifest_Generation = YES;
				INFOPLIST_KEY_UIApplicationSupportsIndirectInputEvents = YES;
				INFOPLIST_KEY_UILaunchScreen_Generation = YES;
				INFOPLIST_KEY_UISupportedInterfaceOrientations_iPad = "UIInterfaceOrientationPortrait UIInterfaceOrientationPortraitUpsideDown UIInterfaceOrientationLandscapeLeft UIInterfaceOrientationLandscapeRight";
				INFOPLIST_KEY_UISupportedInterfaceOrientations_iPhone = "UIInterfaceOrientationPortrait UIInterfaceOrientationLandscapeLeft UIInterfaceOrientationLandscapeRight";
				IPHONEOS_DEPLOYMENT_TARGET = 18.0;
				LD_RUNPATH_SEARCH_PATHS = (
					"$(inherited)",
					"@executable_path/Frameworks",
				);
				MARKETING_VERSION = 0.2.0;
				PRODUCT_BUNDLE_IDENTIFIER = com.yourcompany.iPadWatch2Gether;
				PRODUCT_NAME = "$(TARGET_NAME)";
				SUPPORTED_PLATFORMS = "iphoneos iphonesimulator";
				SUPPORTS_MACCATALYST = NO;
				SUPPORTS_MAC_DESIGNED_FOR_IPHONE_IPAD = NO;
				SUPPORTS_XR_DESIGNED_FOR_IPHONE_IPAD = NO;
				SWIFT_EMIT_LOC_STRINGS = YES;
				SWIFT_OPTIMIZATION_LEVEL = "-Onone";
				SWIFT_VERSION = 5.0;
				TARGETED_DEVICE_FAMILY = 2;
			};
			name = Debug;
		};
		39EC67672D1664E900518950 /* Release */ = {
			isa = XCBuildConfiguration;
			buildSettings = {
				ASSETCATALOG_COMPILER_APPICON_NAME = AppIcon;
				ASSETCATALOG_COMPILER_GLOBAL_ACCENT_COLOR_NAME = AccentColor;
				CLANG_ENABLE_MODULES = YES;
				CODE_SIGN_STYLE = Automatic;
				CURRENT_PROJECT_VERSION = 1;
				DEVELOPMENT_ASSET_PATHS = "\"iPadWatch2Gether/Preview Content\"";
				ENABLE_PREVIEWS = YES;
				GENERATE_INFOPLIST_FILE = YES;
				INFOPLIST_KEY_CFBundleDisplayName = "一起看电影";
				INFOPLIST_KEY_LSApplicationCategoryType = "public.app-category.entertainment";
				INFOPLIST_KEY_UIApplicationSceneManifest_Generation = YES;
				INFOPLIST_KEY_UIApplicationSupportsIndirectInputEvents = YES;
				INFOPLIST_KEY_UILaunchScreen_Generation = YES;
				INFOPLIST_KEY_UISupportedInterfaceOrientations_iPad = "UIInterfaceOrientationPortrait UIInterfaceOrientationPortraitUpsideDown UIInterfaceOrientationLandscapeLeft UIInterfaceOrientationLandscapeRight";
				INFOPLIST_KEY_UISupportedInterfaceOrientations_iPhone = "UIInterfaceOrientationPortrait UIInterfaceOrientationLandscapeLeft UIInterfaceOrientationLandscapeRight";
				IPHONEOS_DEPLOYMENT_TARGET = 18.0;
				LD_RUNPATH_SEARCH_PATHS = (
					"$(inherited)",
					"@executable_path/Frameworks",
				);
				MARKETING_VERSION = 0.2.0;
				PRODUCT_BUNDLE_IDENTIFIER = com.yourcompany.iPadWatch2Gether;
				PRODUCT_NAME = "$(TARGET_NAME)";
				SUPPORTED_PLATFORMS = "iphoneos iphonesimulator";
				SUPPORTS_MACCATALYST = NO;
				SUPPORTS_MAC_DESIGNED_FOR_IPHONE_IPAD = NO;
				SUPPORTS_XR_DESIGNED_FOR_IPHONE_IPAD = NO;
				SWIFT_EMIT_LOC_STRINGS = YES;
				SWIFT_VERSION = 5.0;
				TARGETED_DEVICE_FAMILY = 2;
			};
			name = Release;
		};
		39EC677A2D16653F00518950 /* Debug */ = {
			isa = XCBuildConfiguration;
			buildSettings = {
				ASSETCATALOG_COMPILER_APPICON_NAME = AppIcon;
				ASSETCATALOG_COMPILER_GLOBAL_ACCENT_COLOR_NAME = AccentColor;
				CODE_SIGN_ENTITLEMENTS = MacWatch2Gether/MacWatch2Gether.entitlements;
				CODE_SIGN_STYLE = Automatic;
				COMBINE_HIDPI_IMAGES = YES;
				CURRENT_PROJECT_VERSION = 1;
				DEVELOPMENT_ASSET_PATHS = "\"MacWatch2Gether/Preview Content\"";
				ENABLE_PREVIEWS = YES;
				GENERATE_INFOPLIST_FILE = YES;
				INFOPLIST_KEY_CFBundleDisplayName = "一起看电影";
				INFOPLIST_KEY_LSApplicationCategoryType = "public.app-category.entertainment";
				INFOPLIST_KEY_NSHumanReadableCopyright = "Copyright © 2024-2025 Steve R. Sun.\nAll rights reserved.";
				LD_RUNPATH_SEARCH_PATHS = (
					"$(inherited)",
					"@executable_path/../Frameworks",
				);
				MACOSX_DEPLOYMENT_TARGET = 15.0;
				MARKETING_VERSION = 0.2.0;
				PRODUCT_BUNDLE_IDENTIFIER = com.yourcompany.MacWatch2Gether;
				PRODUCT_NAME = "$(TARGET_NAME)";
				SDKROOT = macosx;
				SWIFT_EMIT_LOC_STRINGS = YES;
				SWIFT_VERSION = 5.0;
			};
			name = Debug;
		};
		39EC677B2D16653F00518950 /* Release */ = {
			isa = XCBuildConfiguration;
			buildSettings = {
				ASSETCATALOG_COMPILER_APPICON_NAME = AppIcon;
				ASSETCATALOG_COMPILER_GLOBAL_ACCENT_COLOR_NAME = AccentColor;
				CODE_SIGN_ENTITLEMENTS = MacWatch2Gether/MacWatch2Gether.entitlements;
				CODE_SIGN_STYLE = Automatic;
				COMBINE_HIDPI_IMAGES = YES;
				CURRENT_PROJECT_VERSION = 1;
				DEVELOPMENT_ASSET_PATHS = "\"MacWatch2Gether/Preview Content\"";
				ENABLE_PREVIEWS = YES;
				GENERATE_INFOPLIST_FILE = YES;
				INFOPLIST_KEY_CFBundleDisplayName = "一起看电影";
				INFOPLIST_KEY_LSApplicationCategoryType = "public.app-category.entertainment";
				INFOPLIST_KEY_NSHumanReadableCopyright = "Copyright © 2024-2025 Steve R. Sun.\nAll rights reserved.";
				LD_RUNPATH_SEARCH_PATHS = (
					"$(inherited)",
					"@executable_path/../Frameworks",
				);
				MACOSX_DEPLOYMENT_TARGET = 15.0;
				MARKETING_VERSION = 0.2.0;
				PRODUCT_BUNDLE_IDENTIFIER = com.yourcompany.MacWatch2Gether;
				PRODUCT_NAME = "$(TARGET_NAME)";
				SDKROOT = macosx;
				SWIFT_EMIT_LOC_STRINGS = YES;
				SWIFT_VERSION = 5.0;
			};
			name = Release;
		};
/* End XCBuildConfiguration section */

/* Begin XCConfigurationList section */
		395EF32E2D165E0C0014D834 /* Build configuration list for PBXProject "Watch2Gether" */ = {
			isa = XCConfigurationList;
			buildConfigurations = (
				395EF33F2D165E0E0014D834 /* Debug */,
				395EF3402D165E0E0014D834 /* Release */,
			);
			defaultConfigurationIsVisible = 0;
			defaultConfigurationName = Release;
		};
		395EF3412D165E0E0014D834 /* Build configuration list for PBXNativeTarget "Watch2Gether" */ = {
			isa = XCConfigurationList;
			buildConfigurations = (
				395EF3422D165E0E0014D834 /* Debug */,
				395EF3432D165E0E0014D834 /* Release */,
			);
			defaultConfigurationIsVisible = 0;
			defaultConfigurationName = Release;
		};
		39EC67682D1664E900518950 /* Build configuration list for PBXNativeTarget "iPadWatch2Gether" */ = {
			isa = XCConfigurationList;
			buildConfigurations = (
				39EC67662D1664E900518950 /* Debug */,
				39EC67672D1664E900518950 /* Release */,
			);
			defaultConfigurationIsVisible = 0;
			defaultConfigurationName = Release;
		};
		39EC67792D16653F00518950 /* Build configuration list for PBXNativeTarget "MacWatch2Gether" */ = {
			isa = XCConfigurationList;
			buildConfigurations = (
				39EC677A2D16653F00518950 /* Debug */,
				39EC677B2D16653F00518950 /* Release */,
			);
			defaultConfigurationIsVisible = 0;
			defaultConfigurationName = Release;
		};
/* End XCConfigurationList section */

/* Begin XCRemoteSwiftPackageReference section */
		390CDFE22D292C1F002972F2 /* XCRemoteSwiftPackageReference "SwiftyJSON" */ = {
			isa = XCRemoteSwiftPackageReference;
			repositoryURL = "https://github.com/SwiftyJSON/SwiftyJSON.git";
			requirement = {
				kind = exactVersion;
				version = 5.0.2;
			};
		};
		3940300B2D1D701F00179BC5 /* XCRemoteSwiftPackageReference "swift-collections" */ = {
			isa = XCRemoteSwiftPackageReference;
			repositoryURL = "https://github.com/apple/swift-collections.git";
			requirement = {
				kind = exactVersion;
				version = 1.1.4;
			};
		};
		39EC677C2D1665D600518950 /* XCRemoteSwiftPackageReference "SwiftLintPlugins" */ = {
			isa = XCRemoteSwiftPackageReference;
			repositoryURL = "https://github.com/SimplyDanny/SwiftLintPlugins.git";
			requirement = {
				kind = exactVersion;
				version = 0.58.2;
			};
		};
/* End XCRemoteSwiftPackageReference section */

/* Begin XCSwiftPackageProductDependency section */
		390CDFE32D292C1F002972F2 /* SwiftyJSON */ = {
			isa = XCSwiftPackageProductDependency;
			package = 390CDFE22D292C1F002972F2 /* XCRemoteSwiftPackageReference "SwiftyJSON" */;
			productName = SwiftyJSON;
		};
		390CE0732D295826002972F2 /* SwiftyJSON */ = {
			isa = XCSwiftPackageProductDependency;
			package = 390CDFE22D292C1F002972F2 /* XCRemoteSwiftPackageReference "SwiftyJSON" */;
			productName = SwiftyJSON;
		};
		3940300C2D1D701F00179BC5 /* OrderedCollections */ = {
			isa = XCSwiftPackageProductDependency;
			package = 3940300B2D1D701F00179BC5 /* XCRemoteSwiftPackageReference "swift-collections" */;
			productName = OrderedCollections;
		};
		394030142D1D781400179BC5 /* OrderedCollections */ = {
			isa = XCSwiftPackageProductDependency;
			package = 3940300B2D1D701F00179BC5 /* XCRemoteSwiftPackageReference "swift-collections" */;
			productName = OrderedCollections;
		};
		394030172D1D791600179BC5 /* OrderedCollections */ = {
			isa = XCSwiftPackageProductDependency;
			package = 3940300B2D1D701F00179BC5 /* XCRemoteSwiftPackageReference "swift-collections" */;
			productName = OrderedCollections;
		};
		398C482E2D295BF100A3E4ED /* SwiftyJSON */ = {
			isa = XCSwiftPackageProductDependency;
			package = 390CDFE22D292C1F002972F2 /* XCRemoteSwiftPackageReference "SwiftyJSON" */;
			productName = SwiftyJSON;
		};
		39EC677D2D1665E200518950 /* SwiftLintBuildToolPlugin */ = {
			isa = XCSwiftPackageProductDependency;
			package = 39EC677C2D1665D600518950 /* XCRemoteSwiftPackageReference "SwiftLintPlugins" */;
			productName = "plugin:SwiftLintBuildToolPlugin";
		};
		39EC677F2D1665F600518950 /* SwiftLintBuildToolPlugin */ = {
			isa = XCSwiftPackageProductDependency;
			package = 39EC677C2D1665D600518950 /* XCRemoteSwiftPackageReference "SwiftLintPlugins" */;
			productName = "plugin:SwiftLintBuildToolPlugin";
		};
		39EC67812D1665FB00518950 /* SwiftLintBuildToolPlugin */ = {
			isa = XCSwiftPackageProductDependency;
			package = 39EC677C2D1665D600518950 /* XCRemoteSwiftPackageReference "SwiftLintPlugins" */;
			productName = "plugin:SwiftLintBuildToolPlugin";
		};
/* End XCSwiftPackageProductDependency section */
	};
	rootObject = 395EF32B2D165E0C0014D834 /* Project object */;
}
